{
  "name": "extraction",
  "lockfileVersion": 3,
  "requires": true,
  "packages": {
    "": {
      "dependencies": {
        "assemblyai": "^4.14.2",
        "openai": "^5.12.2"
      }
    },
    "node_modules/assemblyai": {
      "version": "4.14.2",
      "resolved": "https://registry.npmjs.org/assemblyai/-/assemblyai-4.14.2.tgz",
      "integrity": "sha512-pKEVUIUSJ/6ia1MUA7lzWS8B8cRVTcvUXLQ+T5dJXm5aBk+XUhs6dIvOClte7v+no1H8vQ1K0R8EABK1keXZOw==",
      "dependencies": {
        "ws": "^8.18.0"
      },
      "engines": {
        "node": ">=18"
      }
    },
    "node_modules/openai": {
      "version": "5.12.2",
      "resolved": "https://registry.npmjs.org/openai/-/openai-5.12.2.tgz",
      "integrity": "sha512-xqzHHQch5Tws5PcKR2xsZGX9xtch+JQFz5zb14dGqlshmmDAFBFEWmeIpf7wVqWV+w7Emj7jRgkNJakyKE0tYQ==",
      "bin": {
        "openai": "bin/cli"
      },
      "peerDependencies": {
        "ws": "^8.18.0",
        "zod": "^3.23.8"
      },
      "peerDependenciesMeta": {
        "ws": {
          "optional": true
        },
        "zod": {
          "optional": true
        }
      }
    },
    "node_modules/ws": {
      "version": "8.18.3",
      "resolved": "https://registry.npmjs.org/ws/-/ws-8.18.3.tgz",
      "integrity": "sha512-PEIGCY5tSlUt50cqyMXfCzX+oOPqN0vuGqWzbcJ2xvnkzkq46oOpz7dQaTDBdfICb4N14+GARUDw2XV2N4tvzg==",
      "engines": {
        "node": ">=10.0.0"
      },
      "peerDependencies": {
        "bufferutil": "^4.0.1",
        "utf-8-validate": ">=5.0.2"
      },
      "peerDependenciesMeta": {
        "bufferutil": {
          "optional": true
        },
        "utf-8-validate": {
          "optional": true
        }
      }
    }
  }
}
